
Microsoft Visual Studio Solution File, Format Version 12.00
# Visual Studio Version 16
VisualStudioVersion = 16.0.28803.202
MinimumVisualStudioVersion = 10.0.40219.1
Project("{FAE04EC0-301F-11D3-BF4B-00C04F79EFBC}") = "HospitalDatabase", "HospitalDatabase.csproj", "{353DE94A-1D60-4FE2-81A1-390D513479A1}"
EndProject
Global
	GlobalSection(SolutionConfigurationPlatforms) = preSolution
		Debug|Any CPU = Debug|Any CPU
		Release|Any CPU = Release|Any CPU
	EndGlobalSection
	GlobalSection(ProjectConfigurationPlatforms) = postSolution
		{353DE94A-1D60-4FE2-81A1-390D513479A1}.Debug|Any CPU.ActiveCfg = Debug|Any CPU
		{353DE94A-1D60-4FE2-81A1-390D513479A1}.Debug|Any CPU.Build.0 = Debug|Any CPU
		{353DE94A-1D60-4FE2-81A1-390D513479A1}.Release|Any CPU.ActiveCfg = Release|Any CPU
		{353DE94A-1D60-4FE2-81A1-390D513479A1}.Release|Any CPU.Build.0 = Release|Any CPU
	EndGlobalSection
	GlobalSection(SolutionProperties) = preSolution
		HideSolutionNode = FALSE
	EndGlobalSection
	GlobalSection(ExtensibilityGlobals) = postSolution
		SolutionGuid = {4E3E4FFF-D05A-4DF6-A55A-B50B4AA1508D}
	EndGlobalSection
EndGlobal
